// !$*UTF8*$!
{
	archiveVersion = 1;
	classes = {
	};
	objectVersion = 46;
	objects = {

/* Begin PBXBuildFile section */
		0F9C2A951537F5AE0060B98E /* UIKit.framework in Frameworks */ = {isa = PBXBuildFile; fileRef = 0F9C2A941537F5AE0060B98E /* UIKit.framework */; };
		0F9C2A971537F5AE0060B98E /* Foundation.framework in Frameworks */ = {isa = PBXBuildFile; fileRef = 0F9C2A961537F5AE0060B98E /* Foundation.framework */; };
		0F9C2A991537F5AE0060B98E /* CoreGraphics.framework in Frameworks */ = {isa = PBXBuildFile; fileRef = 0F9C2A981537F5AE0060B98E /* CoreGraphics.framework */; };
		0F9C2A9F1537F5AE0060B98E /* InfoPlist.strings in Resources */ = {isa = PBXBuildFile; fileRef = 0F9C2A9D1537F5AE0060B98E /* InfoPlist.strings */; };
		0F9C2AA11537F5AE0060B98E /* main.m in Sources */ = {isa = PBXBuildFile; fileRef = 0F9C2AA01537F5AE0060B98E /* main.m */; };
		0F9C2AA51537F5AE0060B98E /* CalculatorAppDelegate.m in Sources */ = {isa = PBXBuildFile; fileRef = 0F9C2AA41537F5AE0060B98E /* CalculatorAppDelegate.m */; };
		0F9C2AA81537F5AE0060B98E /* MainStoryboard.storyboard in Resources */ = {isa = PBXBuildFile; fileRef = 0F9C2AA61537F5AE0060B98E /* MainStoryboard.storyboard */; };
		0F9C2AAB1537F5AE0060B98E /* CalculatorViewController.m in Sources */ = {isa = PBXBuildFile; fileRef = 0F9C2AAA1537F5AE0060B98E /* CalculatorViewController.m */; };
		0F9C2AB3153804710060B98E /* CalculatorBrain.m in Sources */ = {isa = PBXBuildFile; fileRef = 0F9C2AB2153804710060B98E /* CalculatorBrain.m */; };
/* End PBXBuildFile section */

/* Begin PBXFileReference section */
		0F9C2A901537F5AE0060B98E /* Calculator.app */ = {isa = PBXFileReference; explicitFileType = wrapper.application; includeInIndex = 0; path = Calculator.app; sourceTree = BUILT_PRODUCTS_DIR; };
		0F9C2A941537F5AE0060B98E /* UIKit.framework */ = {isa = PBXFileReference; lastKnownFileType = wrapper.framework; name = UIKit.framework; path = System/Library/Frameworks/UIKit.framework; sourceTree = SDKROOT; };
		0F9C2A961537F5AE0060B98E /* Foundation.framework */ = {isa = PBXFileReference; lastKnownFileType = wrapper.framework; name = Foundation.framework; path = System/Library/Frameworks/Foundation.framework; sourceTree = SDKROOT; };
		0F9C2A981537F5AE0060B98E /* CoreGraphics.framework */ = {isa = PBXFileReference; lastKnownFileType = wrapper.framework; name = CoreGraphics.framework; path = System/Library/Frameworks/CoreGraphics.framework; sourceTree = SDKROOT; };
		0F9C2A9C1537F5AE0060B98E /* Calculator-Info.plist */ = {isa = PBXFileReference; lastKnownFileType = text.plist.xml; path = "Calculator-Info.plist"; sourceTree = "<group>"; };
		0F9C2A9E1537F5AE0060B98E /* en */ = {isa = PBXFileReference; lastKnownFileType = text.plist.strings; name = en; path = en.lproj/InfoPlist.strings; sourceTree = "<group>"; };
		0F9C2AA01537F5AE0060B98E /* main.m */ = {isa = PBXFileReference; lastKnownFileType = sourcecode.c.objc; path = main.m; sourceTree = "<group>"; };
		0F9C2AA21537F5AE0060B98E /* Calculator-Prefix.pch */ = {isa = PBXFileReference; lastKnownFileType = sourcecode.c.h; path = "Calculator-Prefix.pch"; sourceTree = "<group>"; };
		0F9C2AA31537F5AE0060B98E /* CalculatorAppDelegate.h */ = {isa = PBXFileReference; lastKnownFileType = sourcecode.c.h; path = CalculatorAppDelegate.h; sourceTree = "<group>"; };
		0F9C2AA41537F5AE0060B98E /* CalculatorAppDelegate.m */ = {isa = PBXFileReference; lastKnownFileType = sourcecode.c.objc; path = CalculatorAppDelegate.m; sourceTree = "<group>"; };
		0F9C2AA71537F5AE0060B98E /* en */ = {isa = PBXFileReference; lastKnownFileType = file.storyboard; name = en; path = en.lproj/MainStoryboard.storyboard; sourceTree = "<group>"; };
		0F9C2AA91537F5AE0060B98E /* CalculatorViewController.h */ = {isa = PBXFileReference; lastKnownFileType = sourcecode.c.h; path = CalculatorViewController.h; sourceTree = "<group>"; };
		0F9C2AAA1537F5AE0060B98E /* CalculatorViewController.m */ = {isa = PBXFileReference; lastKnownFileType = sourcecode.c.objc; path = CalculatorViewController.m; sourceTree = "<group>"; };
		0F9C2AB1153804710060B98E /* CalculatorBrain.h */ = {isa = PBXFileReference; fileEncoding = 4; lastKnownFileType = sourcecode.c.h; path = CalculatorBrain.h; sourceTree = "<group>"; };
		0F9C2AB2153804710060B98E /* CalculatorBrain.m */ = {isa = PBXFileReference; fileEncoding = 4; lastKnownFileType = sourcecode.c.objc; path = CalculatorBrain.m; sourceTree = "<group>"; };
/* End PBXFileReference section */

/* Begin PBXFrameworksBuildPhase section */
		0F9C2A8D1537F5AE0060B98E /* Frameworks */ = {
			isa = PBXFrameworksBuildPhase;
			buildActionMask = 2147483647;
			files = (
				0F9C2A951537F5AE0060B98E /* UIKit.framework in Frameworks */,
				0F9C2A971537F5AE0060B98E /* Foundation.framework in Frameworks */,
				0F9C2A991537F5AE0060B98E /* CoreGraphics.framework in Frameworks */,
			);
			runOnlyForDeploymentPostprocessing = 0;
		};
/* End PBXFrameworksBuildPhase section */

/* Begin PBXGroup section */
		0F9C2A851537F5AE0060B98E = {
			isa = PBXGroup;
			children = (
				0F9C2A9A1537F5AE0060B98E /* Calculator */,
				0F9C2A931537F5AE0060B98E /* Frameworks */,
				0F9C2A911537F5AE0060B98E /* Products */,
			);
			sourceTree = "<group>";
		};
		0F9C2A911537F5AE0060B98E /* Products */ = {
			isa = PBXGroup;
			children = (
				0F9C2A901537F5AE0060B98E /* Calculator.app */,
			);
			name = Products;
			sourceTree = "<group>";
		};
		0F9C2A931537F5AE0060B98E /* Frameworks */ = {
			isa = PBXGroup;
			children = (
				0F9C2A941537F5AE0060B98E /* UIKit.framework */,
				0F9C2A961537F5AE0060B98E /* Foundation.framework */,
				0F9C2A981537F5AE0060B98E /* CoreGraphics.framework */,
			);
			name = Frameworks;
			sourceTree = "<group>";
		};
		0F9C2A9A1537F5AE0060B98E /* Calculator */ = {
			isa = PBXGroup;
			children = (
				0F9C2AA31537F5AE0060B98E /* CalculatorAppDelegate.h */,
				0F9C2AA41537F5AE0060B98E /* CalculatorAppDelegate.m */,
				0F9C2AA61537F5AE0060B98E /* MainStoryboard.storyboard */,
				0F9C2AB1153804710060B98E /* CalculatorBrain.h */,
				0F9C2AB2153804710060B98E /* CalculatorBrain.m */,
				0F9C2AA91537F5AE0060B98E /* CalculatorViewController.h */,
				0F9C2AAA1537F5AE0060B98E /* CalculatorViewController.m */,
				0F9C2A9B1537F5AE0060B98E /* Supporting Files */,
			);
			path = Calculator;
			sourceTree = "<group>";
		};
		0F9C2A9B1537F5AE0060B98E /* Supporting Files */ = {
			isa = PBXGroup;
			children = (
				0F9C2A9C1537F5AE0060B98E /* Calculator-Info.plist */,
				0F9C2A9D1537F5AE0060B98E /* InfoPlist.strings */,
				0F9C2AA01537F5AE0060B98E /* main.m */,
				0F9C2AA21537F5AE0060B98E /* Calculator-Prefix.pch */,
			);
			name = "Supporting Files";
			sourceTree = "<group>";
		};
/* End PBXGroup section */

/* Begin PBXNativeTarget section */
		0F9C2A8F1537F5AE0060B98E /* Calculator */ = {
			isa = PBXNativeTarget;
			buildConfigurationList = 0F9C2AAE1537F5AE0060B98E /* Build configuration list for PBXNativeTarget "Calculator" */;
			buildPhases = (
				0F9C2A8C1537F5AE0060B98E /* Sources */,
				0F9C2A8D1537F5AE0060B98E /* Frameworks */,
				0F9C2A8E1537F5AE0060B98E /* Resources */,
			);
			buildRules = (
			);
			dependencies = (
			);
			name = Calculator;
			productName = Calculator;
			productReference = 0F9C2A901537F5AE0060B98E /* Calculator.app */;
			productType = "com.apple.product-type.application";
		};
/* End PBXNativeTarget section */

/* Begin PBXProject section */
		0F9C2A871537F5AE0060B98E /* Project object */ = {
			isa = PBXProject;
			attributes = {
				CLASSPREFIX = Calculator;
				LastUpgradeCheck = 0430;
			};
			buildConfigurationList = 0F9C2A8A1537F5AE0060B98E /* Build configuration list for PBXProject "Calculator" */;
			compatibilityVersion = "Xcode 3.2";
			developmentRegion = English;
			hasScannedForEncodings = 0;
			knownRegions = (
				en,
			);
			mainGroup = 0F9C2A851537F5AE0060B98E;
			productRefGroup = 0F9C2A911537F5AE0060B98E /* Products */;
			projectDirPath = "";
			projectRoot = "";
			targets = (
				0F9C2A8F1537F5AE0060B98E /* Calculator */,
			);
		};
/* End PBXProject section */

/* Begin PBXResourcesBuildPhase section */
		0F9C2A8E1537F5AE0060B98E /* Resources */ = {
			isa = PBXResourcesBuildPhase;
			buildActionMask = 2147483647;
			files = (
				0F9C2A9F1537F5AE0060B98E /* InfoPlist.strings in Resources */,
				0F9C2AA81537F5AE0060B98E /* MainStoryboard.storyboard in Resources */,
			);
			runOnlyForDeploymentPostprocessing = 0;
		};
/* End PBXResourcesBuildPhase section */

/* Begin PBXSourcesBuildPhase section */
		0F9C2A8C1537F5AE0060B98E /* Sources */ = {
			isa = PBXSourcesBuildPhase;
			buildActionMask = 2147483647;
			files = (
				0F9C2AA11537F5AE0060B98E /* main.m in Sources */,
				0F9C2AA51537F5AE0060B98E /* CalculatorAppDelegate.m in Sources */,
				0F9C2AAB1537F5AE0060B98E /* CalculatorViewController.m in Sources */,
				0F9C2AB3153804710060B98E /* CalculatorBrain.m in Sources */,
			);
			runOnlyForDeploymentPostprocessing = 0;
		};
/* End PBXSourcesBuildPhase section */

/* Begin PBXVariantGroup section */
		0F9C2A9D1537F5AE0060B98E /* InfoPlist.strings */ = {
			isa = PBXVariantGroup;
			children = (
				0F9C2A9E1537F5AE0060B98E /* en */,
			);
			name = InfoPlist.strings;
			sourceTree = "<group>";
		};
		0F9C2AA61537F5AE0060B98E /* MainStoryboard.storyboard */ = {
			isa = PBXVariantGroup;
			children = (
				0F9C2AA71537F5AE0060B98E /* en */,
			);
			name = MainStoryboard.storyboard;
			sourceTree = "<group>";
		};
/* End PBXVariantGroup section */

/* Begin XCBuildConfiguration section */
		0F9C2AAC1537F5AE0060B98E /* Debug */ = {
			isa = XCBuildConfiguration;
			buildSettings = {
				ALWAYS_SEARCH_USER_PATHS = NO;
				ARCHS = "$(ARCHS_STANDARD_32_BIT)";
				CLANG_ENABLE_OBJC_ARC = YES;
				"CODE_SIGN_IDENTITY[sdk=iphoneos*]" = "iPhone Developer";
				COPY_PHASE_STRIP = NO;
				GCC_C_LANGUAGE_STANDARD = gnu99;
				GCC_DYNAMIC_NO_PIC = NO;
				GCC_OPTIMIZATION_LEVEL = 0;
				GCC_PREPROCESSOR_DEFINITIONS = (
					"DEBUG=1",
					"$(inherited)",
				);
				GCC_SYMBOLS_PRIVATE_EXTERN = NO;
				GCC_VERSION = com.apple.compilers.llvm.clang.1_0;
				GCC_WARN_ABOUT_RETURN_TYPE = YES;
				GCC_WARN_UNINITIALIZED_AUTOS = YES;
				GCC_WARN_UNUSED_VARIABLE = YES;
				IPHONEOS_DEPLOYMENT_TARGET = 5.1;
				SDKROOT = iphoneos;
			};
			name = Debug;
		};
		0F9C2AAD1537F5AE0060B98E /* Release */ = {
			isa = XCBuildConfiguration;
			buildSettings = {
				ALWAYS_SEARCH_USER_PATHS = NO;
				ARCHS = "$(ARCHS_STANDARD_32_BIT)";
				CLANG_ENABLE_OBJC_ARC = YES;
				"CODE_SIGN_IDENTITY[sdk=iphoneos*]" = "iPhone Developer";
				COPY_PHASE_STRIP = YES;
				GCC_C_LANGUAGE_STANDARD = gnu99;
				GCC_VERSION = com.apple.compilers.llvm.clang.1_0;
				GCC_WARN_ABOUT_RETURN_TYPE = YES;
				GCC_WARN_UNINITIALIZED_AUTOS = YES;
				GCC_WARN_UNUSED_VARIABLE = YES;
				IPHONEOS_DEPLOYMENT_TARGET = 5.1;
				OTHER_CFLAGS = "-DNS_BLOCK_ASSERTIONS=1";
				SDKROOT = iphoneos;
				VALIDATE_PRODUCT = YES;
			};
			name = Release;
		};
		0F9C2AAF1537F5AE0060B98E /* Debug */ = {
			isa = XCBuildConfiguration;
			buildSettings = {
				GCC_PRECOMPILE_PREFIX_HEADER = YES;
				GCC_PREFIX_HEADER = "Calculator/Calculator-Prefix.pch";
				INFOPLIST_FILE = "Calculator/Calculator-Info.plist";
				PRODUCT_NAME = "$(TARGET_NAME)";
				WRAPPER_EXTENSION = app;
			};
			name = Debug;
		};
		0F9C2AB01537F5AE0060B98E /* Release */ = {
			isa = XCBuildConfiguration;
			buildSettings = {
				GCC_PRECOMPILE_PREFIX_HEADER = YES;
				GCC_PREFIX_HEADER = "Calculator/Calculator-Prefix.pch";
				INFOPLIST_FILE = "Calculator/Calculator-Info.plist";
				PRODUCT_NAME = "$(TARGET_NAME)";
				WRAPPER_EXTENSION = app;
			};
			name = Release;
		};
/* End XCBuildConfiguration section */

/* Begin XCConfigurationList section */
		0F9C2A8A1537F5AE0060B98E /* Build configuration list for PBXProject "Calculator" */ = {
			isa = XCConfigurationList;
			buildConfigurations = (
				0F9C2AAC1537F5AE0060B98E /* Debug */,
				0F9C2AAD1537F5AE0060B98E /* Release */,
			);
			defaultConfigurationIsVisible = 0;
			defaultConfigurationName = Release;
		};
		0F9C2AAE1537F5AE0060B98E /* Build configuration list for PBXNativeTarget "Calculator" */ = {
			isa = XCConfigurationList;
			buildConfigurations = (
				0F9C2AAF1537F5AE0060B98E /* Debug */,
				0F9C2AB01537F5AE0060B98E /* Release */,
			);
			defaultConfigurationIsVisible = 0;
		};
/* End XCConfigurationList section */
	};
	rootObject = 0F9C2A871537F5AE0060B98E /* Project object */;
}
